lockfileVersion: '6.0'

settings:
  autoInstallPeers: true
  excludeLinksFromLockfile: false

dependencies:
  '@supabase/supabase-js':
    specifier: ^2.42.2
    version: 2.42.2
  cron:
    specifier: ^3.1.7
    version: 3.1.7
  dotenv:
    specifier: ^16.4.5
    version: 16.4.5

packages:

  /@supabase/auth-js@2.63.0:
    resolution: {integrity: sha512-yIgcHnlgv24GxHtVGUhwGqAFDyJkPIC/xjx7HostN08A8yCy8HIfl4JEkTKyBqD1v1L05jNEJOUke4Lf4O1+Qg==}
    dependencies:
      '@supabase/node-fetch': 2.6.15
    dev: false

  /@supabase/functions-js@2.2.2:
    resolution: {integrity: sha512-sJGq1nludmi7pY/fdtCpyY/pYonx7MfHdN408bqb736guWcVI1AChYVbI4kUM978EuOE4Ci6l7bUudfGg07QRw==}
    dependencies:
      '@supabase/node-fetch': 2.6.15
    dev: false

  /@supabase/node-fetch@2.6.15:
    resolution: {integrity: sha512-1ibVeYUacxWYi9i0cf5efil6adJ9WRyZBLivgjs+AUpewx1F3xPi7gLgaASI2SmIQxPoCEjAsLAzKPgMJVgOUQ==}
    engines: {node: 4.x || >=6.0.0}
    dependencies:
      whatwg-url: 5.0.0
    dev: false

  /@supabase/postgrest-js@1.15.1:
    resolution: {integrity: sha512-H/4PABAAgMrEIo7oewUZiZMy422Pgc19OLVjU8Vwopcvfr3GD7h8Re4VXtiaPPZqc/2z/k3PnyguFnoKIB7fkA==}
    dependencies:
      '@supabase/node-fetch': 2.6.15
    dev: false

  /@supabase/realtime-js@2.9.4:
    resolution: {integrity: sha512-wdq+2hZpgw0r2ldRs87d3U08Y8BrsO1bZxPNqbImpYshAEkusDz4vufR8KaqujKxqewmXS6YnUhuRVdvSEIKCA==}
    dependencies:
      '@supabase/node-fetch': 2.6.15
      '@types/phoenix': 1.6.4
      '@types/ws': 8.5.10
      ws: 8.16.0
    transitivePeerDependencies:
      - bufferutil
      - utf-8-validate
    dev: false

  /@supabase/storage-js@2.5.5:
    resolution: {integrity: sha512-OpLoDRjFwClwc2cjTJZG8XviTiQH4Ik8sCiMK5v7et0MDu2QlXjCAW3ljxJB5+z/KazdMOTnySi+hysxWUPu3w==}
    dependencies:
      '@supabase/node-fetch': 2.6.15
    dev: false

  /@supabase/supabase-js@2.42.2:
    resolution: {integrity: sha512-bt9OGKb6OBRBjhKq1nvpF3o/NzE/Hpq8xrMap5pmeI0iNzgLeAU8l+slEshP8j/lcd/Gkbb+AwiEkYyPBM1r+w==}
    dependencies:
      '@supabase/auth-js': 2.63.0
      '@supabase/functions-js': 2.2.2
      '@supabase/node-fetch': 2.6.15
      '@supabase/postgrest-js': 1.15.1
      '@supabase/realtime-js': 2.9.4
      '@supabase/storage-js': 2.5.5
    transitivePeerDependencies:
      - bufferutil
      - utf-8-validate
    dev: false

  /@types/luxon@3.4.2:
    resolution: {integrity: sha512-TifLZlFudklWlMBfhubvgqTXRzLDI5pCbGa4P8a3wPyUQSW+1xQ5eDsreP9DWHX3tjq1ke96uYG/nwundroWcA==}
    dev: false

  /@types/node@20.12.7:
    resolution: {integrity: sha512-wq0cICSkRLVaf3UGLMGItu/PtdY7oaXaI/RVU+xliKVOtRna3PRY57ZDfztpDL0n11vfymMUnXv8QwYCO7L1wg==}
    dependencies:
      undici-types: 5.26.5
    dev: false

  /@types/phoenix@1.6.4:
    resolution: {integrity: sha512-B34A7uot1Cv0XtaHRYDATltAdKx0BvVKNgYNqE4WjtPUa4VQJM7kxeXcVKaH+KS+kCmZ+6w+QaUdcljiheiBJA==}
    dev: false

  /@types/ws@8.5.10:
    resolution: {integrity: sha512-vmQSUcfalpIq0R9q7uTo2lXs6eGIpt9wtnLdMv9LVpIjCA/+ufZRozlVoVelIYixx1ugCBKDhn89vnsEGOCx9A==}
    dependencies:
      '@types/node': 20.12.7
    dev: false

  /cron@3.1.7:
    resolution: {integrity: sha512-tlBg7ARsAMQLzgwqVxy8AZl/qlTc5nibqYwtNGoCrd+cV+ugI+tvZC1oT/8dFH8W455YrywGykx/KMmAqOr7Jw==}
    dependencies:
      '@types/luxon': 3.4.2
      luxon: 3.4.4
    dev: false

  /dotenv@16.4.5:
    resolution: {integrity: sha512-ZmdL2rui+eB2YwhsWzjInR8LldtZHGDoQ1ugH85ppHKwpUHL7j7rN0Ti9NCnGiQbhaZ11FpR+7ao1dNsmduNUg==}
    engines: {node: '>=12'}
    dev: false

  /luxon@3.4.4:
    resolution: {integrity: sha512-zobTr7akeGHnv7eBOXcRgMeCP6+uyYsczwmeRCauvpvaAltgNyTbLH/+VaEAPUeWBT+1GuNmz4wC/6jtQzbbVA==}
    engines: {node: '>=12'}
    dev: false

  /tr46@0.0.3:
    resolution: {integrity: sha512-N3WMsuqV66lT30CrXNbEjx4GEwlow3v6rr4mCcv6prnfwhS01rkgyFdjPNBYd9br7LpXV1+Emh01fHnq2Gdgrw==}
    dev: false

  /undici-types@5.26.5:
    resolution: {integrity: sha512-JlCMO+ehdEIKqlFxk6IfVoAUVmgz7cU7zD/h9XZ0qzeosSHmUJVOzSQvvYSYWXkFXC+IfLKSIffhv0sVZup6pA==}
    dev: false

  /webidl-conversions@3.0.1:
    resolution: {integrity: sha512-2JAn3z8AR6rjK8Sm8orRC0h/bcl/DqL7tRPdGZ4I1CjdF+EaMLmYxBHyXuKL849eucPFhvBoxMsflfOb8kxaeQ==}
    dev: false

  /whatwg-url@5.0.0:
    resolution: {integrity: sha512-saE57nupxk6v3HY35+jzBwYa0rKSy0XR8JSxZPwgLr7ys0IBzhGviA1/TUGJLmSVqs8pb9AnvICXEuOHLprYTw==}
    dependencies:
      tr46: 0.0.3
      webidl-conversions: 3.0.1
    dev: false

  /ws@8.16.0:
    resolution: {integrity: sha512-HS0c//TP7Ina87TfiPUz1rQzMhHrl/SG2guqRcTOIUYD2q8uhUdNHZYJUaQ8aTGPzCh+c6oawMKW35nFl1dxyQ==}
    engines: {node: '>=10.0.0'}
    peerDependencies:
      bufferutil: ^4.0.1
      utf-8-validate: '>=5.0.2'
    peerDependenciesMeta:
      bufferutil:
        optional: true
      utf-8-validate:
        optional: true
    dev: false
